<?xml version="1.0" encoding="utf-8"?>
<Project ToolsVersion="4.0" xmlns="http://schemas.microsoft.com/developer/msbuild/2003">
  <ItemGroup>
    <Filter Include="Src">
      <UniqueIdentifier>{2b8027ab-9115-4528-82dc-3c8ae57a65ec}</UniqueIdentifier>
    </Filter>
    <Filter Include="Src\Vulkan">
      <UniqueIdentifier>{ffae0253-219f-4dc0-8adf-eda0940e438f}</UniqueIdentifier>
    </Filter>
    <Filter Include="Src\Math">
      <UniqueIdentifier>{6c020f10-00e5-4c7a-bdf6-76d72dc704d1}</UniqueIdentifier>
    </Filter>
  </ItemGroup>
  <ItemGroup>
    <ClCompile Include="..\Src\Application.cpp">
      <Filter>Src</Filter>
    </ClCompile>
    <ClCompile Include="..\Src\Canvas.cpp">
      <Filter>Src</Filter>
    </ClCompile>
    <ClCompile Include="..\Src\Logger.cpp">
      <Filter>Src</Filter>
    </ClCompile>
    <ClCompile Include="..\Src\main.cpp">
      <Filter>Src</Filter>
    </ClCompile>
    <ClCompile Include="..\Src\Render.cpp">
      <Filter>Src</Filter>
    </ClCompile>
    <ClCompile Include="..\Src\Vulkan\VulkanBuffer.cpp">
      <Filter>Src\Vulkan</Filter>
    </ClCompile>
    <ClCompile Include="..\Src\Vulkan\VulkanCommandBuffer.cpp">
      <Filter>Src\Vulkan</Filter>
    </ClCompile>
    <ClCompile Include="..\Src\Vulkan\VulkanCommandPool.cpp">
      <Filter>Src\Vulkan</Filter>
    </ClCompile>
    <ClCompile Include="..\Src\Vulkan\VulkanDescriptorPool.cpp">
      <Filter>Src\Vulkan</Filter>
    </ClCompile>
    <ClCompile Include="..\Src\Vulkan\VulkanDescriptorSetLayout.cpp">
      <Filter>Src\Vulkan</Filter>
    </ClCompile>
    <ClCompile Include="..\Src\Vulkan\VulkanDevice.cpp">
      <Filter>Src\Vulkan</Filter>
    </ClCompile>
    <ClCompile Include="..\Src\Vulkan\VulkanDeviceMemory.cpp">
      <Filter>Src\Vulkan</Filter>
    </ClCompile>
    <ClCompile Include="..\Src\Vulkan\VulkanExtensions.cpp">
      <Filter>Src\Vulkan</Filter>
    </ClCompile>
    <ClCompile Include="..\Src\Vulkan\VulkanFence.cpp">
      <Filter>Src\Vulkan</Filter>
    </ClCompile>
    <ClCompile Include="..\Src\Vulkan\VulkanFrameBuffer.cpp">
      <Filter>Src\Vulkan</Filter>
    </ClCompile>
    <ClCompile Include="..\Src\Vulkan\VulkanFunctions.cpp">
      <Filter>Src\Vulkan</Filter>
    </ClCompile>
    <ClCompile Include="..\Src\Vulkan\VulkanImage.cpp">
      <Filter>Src\Vulkan</Filter>
    </ClCompile>
    <ClCompile Include="..\Src\Vulkan\VulkanIndexBuffer.cpp">
      <Filter>Src\Vulkan</Filter>
    </ClCompile>
    <ClCompile Include="..\Src\Vulkan\VulkanInstance.cpp">
      <Filter>Src\Vulkan</Filter>
    </ClCompile>
    <ClCompile Include="..\Src\Vulkan\VulkanPhysicalDevice.cpp">
      <Filter>Src\Vulkan</Filter>
    </ClCompile>
    <ClCompile Include="..\Src\Vulkan\VulkanPipeline.cpp">
      <Filter>Src\Vulkan</Filter>
    </ClCompile>
    <ClCompile Include="..\Src\Vulkan\VulkanPipelineCache.cpp">
      <Filter>Src\Vulkan</Filter>
    </ClCompile>
    <ClCompile Include="..\Src\Vulkan\VulkanPipelineLayout.cpp">
      <Filter>Src\Vulkan</Filter>
    </ClCompile>
    <ClCompile Include="..\Src\Vulkan\VulkanQueue.cpp">
      <Filter>Src\Vulkan</Filter>
    </ClCompile>
    <ClCompile Include="..\Src\Vulkan\VulkanRenderPass.cpp">
      <Filter>Src\Vulkan</Filter>
    </ClCompile>
    <ClCompile Include="..\Src\Vulkan\VulkanSampler.cpp">
      <Filter>Src\Vulkan</Filter>
    </ClCompile>
    <ClCompile Include="..\Src\Vulkan\VulkanSemaphore.cpp">
      <Filter>Src\Vulkan</Filter>
    </ClCompile>
    <ClCompile Include="..\Src\Vulkan\VulkanShaderModule.cpp">
      <Filter>Src\Vulkan</Filter>
    </ClCompile>
    <ClCompile Include="..\Src\Vulkan\VulkanSurface.cpp">
      <Filter>Src\Vulkan</Filter>
    </ClCompile>
    <ClCompile Include="..\Src\Vulkan\VulkanSwapChain.cpp">
      <Filter>Src\Vulkan</Filter>
    </ClCompile>
    <ClCompile Include="..\Src\Vulkan\VulkanVertexBuffer.cpp">
      <Filter>Src\Vulkan</Filter>
    </ClCompile>
    <ClCompile Include="..\Src\Utils.cpp">
      <Filter>Src</Filter>
    </ClCompile>
    <ClCompile Include="..\Src\Mesh.cpp">
      <Filter>Src</Filter>
    </ClCompile>
    <ClCompile Include="..\Src\Math\Math.cpp">
      <Filter>Src\Math</Filter>
    </ClCompile>
    <ClCompile Include="..\Src\Vulkan\VulkanRenderer.cpp">
      <Filter>Src\Vulkan</Filter>
    </ClCompile>
  </ItemGroup>
  <ItemGroup>
    <ClInclude Include="..\Src\Application.h">
      <Filter>Src</Filter>
    </ClInclude>
    <ClInclude Include="..\Src\Canvas.h">
      <Filter>Src</Filter>
    </ClInclude>
    <ClInclude Include="..\Src\Logger.h">
      <Filter>Src</Filter>
    </ClInclude>
    <ClInclude Include="..\Src\Renderer.h">
      <Filter>Src</Filter>
    </ClInclude>
    <ClInclude Include="..\Src\Singleton.hpp">
      <Filter>Src</Filter>
    </ClInclude>
    <ClInclude Include="..\Src\Vulkan\VulkanApplication.h">
      <Filter>Src\Vulkan</Filter>
    </ClInclude>
    <ClInclude Include="..\Src\Vulkan\VulkanBuffer.h">
      <Filter>Src\Vulkan</Filter>
    </ClInclude>
    <ClInclude Include="..\Src\Vulkan\VulkanCommandBuffer.h">
      <Filter>Src\Vulkan</Filter>
    </ClInclude>
    <ClInclude Include="..\Src\Vulkan\VulkanCommandPool.h">
      <Filter>Src\Vulkan</Filter>
    </ClInclude>
    <ClInclude Include="..\Src\Vulkan\VulkanDescriptorPool.h">
      <Filter>Src\Vulkan</Filter>
    </ClInclude>
    <ClInclude Include="..\Src\Vulkan\VulkanDescriptorSetLayout.h">
      <Filter>Src\Vulkan</Filter>
    </ClInclude>
    <ClInclude Include="..\Src\Vulkan\VulkanDevice.h">
      <Filter>Src\Vulkan</Filter>
    </ClInclude>
    <ClInclude Include="..\Src\Vulkan\VulkanDeviceMemory.h">
      <Filter>Src\Vulkan</Filter>
    </ClInclude>
    <ClInclude Include="..\Src\Vulkan\VulkanExtensions.h">
      <Filter>Src\Vulkan</Filter>
    </ClInclude>
    <ClInclude Include="..\Src\Vulkan\VulkanFence.h">
      <Filter>Src\Vulkan</Filter>
    </ClInclude>
    <ClInclude Include="..\Src\Vulkan\VulkanFrameBuffer.h">
      <Filter>Src\Vulkan</Filter>
    </ClInclude>
    <ClInclude Include="..\Src\Vulkan\VulkanFunctions.h">
      <Filter>Src\Vulkan</Filter>
    </ClInclude>
    <ClInclude Include="..\Src\Vulkan\VulkanImage.h">
      <Filter>Src\Vulkan</Filter>
    </ClInclude>
    <ClInclude Include="..\Src\Vulkan\VulkanIndexBuffer.h">
      <Filter>Src\Vulkan</Filter>
    </ClInclude>
    <ClInclude Include="..\Src\Vulkan\VulkanInstance.h">
      <Filter>Src\Vulkan</Filter>
    </ClInclude>
    <ClInclude Include="..\Src\Vulkan\VulkanPhysicalDevice.h">
      <Filter>Src\Vulkan</Filter>
    </ClInclude>
    <ClInclude Include="..\Src\Vulkan\VulkanPipeline.h">
      <Filter>Src\Vulkan</Filter>
    </ClInclude>
    <ClInclude Include="..\Src\Vulkan\VulkanPipelineCache.h">
      <Filter>Src\Vulkan</Filter>
    </ClInclude>
    <ClInclude Include="..\Src\Vulkan\VulkanPipelineLayout.h">
      <Filter>Src\Vulkan</Filter>
    </ClInclude>
    <ClInclude Include="..\Src\Vulkan\VulkanQueue.h">
      <Filter>Src\Vulkan</Filter>
    </ClInclude>
    <ClInclude Include="..\Src\Vulkan\VulkanRenderPass.h">
      <Filter>Src\Vulkan</Filter>
    </ClInclude>
    <ClInclude Include="..\Src\Vulkan\VulkanSampler.h">
      <Filter>Src\Vulkan</Filter>
    </ClInclude>
    <ClInclude Include="..\Src\Vulkan\VulkanSemaphore.h">
      <Filter>Src\Vulkan</Filter>
    </ClInclude>
    <ClInclude Include="..\Src\Vulkan\VulkanShaderModule.h">
      <Filter>Src\Vulkan</Filter>
    </ClInclude>
    <ClInclude Include="..\Src\Vulkan\VulkanSurface.h">
      <Filter>Src\Vulkan</Filter>
    </ClInclude>
    <ClInclude Include="..\Src\Vulkan\VulkanSwapChain.h">
      <Filter>Src\Vulkan</Filter>
    </ClInclude>
    <ClInclude Include="..\Src\Vulkan\VulkanVertexBuffer.h">
      <Filter>Src\Vulkan</Filter>
    </ClInclude>
    <ClInclude Include="..\Src\WindowParameters.h">
      <Filter>Src</Filter>
    </ClInclude>
    <ClInclude Include="..\Src\Utils.h">
      <Filter>Src</Filter>
    </ClInclude>
    <ClInclude Include="..\Src\Define.h">
      <Filter>Src</Filter>
    </ClInclude>
    <ClInclude Include="..\Src\Mesh.h">
      <Filter>Src</Filter>
    </ClInclude>
    <ClInclude Include="..\Src\Math\Math.h">
      <Filter>Src\Math</Filter>
    </ClInclude>
    <ClInclude Include="..\Src\Vulkan\VulkanRenderer.h">
      <Filter>Src\Vulkan</Filter>
    </ClInclude>
  </ItemGroup>
  <ItemGroup>
    <None Include="..\Src\Vulkan\ListOfVulkanFunctions.inl">
      <Filter>Src\Vulkan</Filter>
    </None>
  </ItemGroup>
</Project>