<?xml version="1.0" encoding="utf-8"?>
<Project ToolsVersion="4.0" xmlns="http://schemas.microsoft.com/developer/msbuild/2003">
  <ItemGroup>
    <Filter Include="源文件">
      <UniqueIdentifier>{4FC737F1-C7A5-4376-A066-2A32D752A2FF}</UniqueIdentifier>
      <Extensions>cpp;c;cc;cxx;def;odl;idl;hpj;bat;asm;asmx</Extensions>
    </Filter>
    <Filter Include="头文件">
      <UniqueIdentifier>{93995380-89BD-4b04-88EB-625FBE52EBFB}</UniqueIdentifier>
      <Extensions>h;hh;hpp;hxx;hm;inl;inc;xsd</Extensions>
    </Filter>
    <Filter Include="资源文件">
      <UniqueIdentifier>{67DA6AB6-F800-4c08-8B7A-83BB121AAD01}</UniqueIdentifier>
      <Extensions>rc;ico;cur;bmp;dlg;rc2;rct;bin;rgs;gif;jpg;jpeg;jpe;resx;tiff;tif;png;wav;mfcribbon-ms</Extensions>
    </Filter>
  </ItemGroup>
  <ItemGroup>
    <ClCompile Include="..\Src\Utils.cpp">
      <Filter>源文件</Filter>
    </ClCompile>
    <ClCompile Include="..\Src\main.cpp">
      <Filter>源文件</Filter>
    </ClCompile>
    <ClCompile Include="..\Src\Application.cpp">
      <Filter>源文件</Filter>
    </ClCompile>
    <ClCompile Include="..\Src\Canvas.cpp">
      <Filter>源文件</Filter>
    </ClCompile>
    <ClCompile Include="..\Src\Render.cpp">
      <Filter>源文件</Filter>
    </ClCompile>
    <ClCompile Include="..\Src\VkRender.cpp">
      <Filter>源文件</Filter>
    </ClCompile>
    <ClCompile Include="..\Src\VulkanInstance.cpp">
      <Filter>源文件</Filter>
    </ClCompile>
    <ClCompile Include="..\Src\VulkanExtensions.cpp">
      <Filter>源文件</Filter>
    </ClCompile>
    <ClCompile Include="..\Src\Logger.cpp">
      <Filter>源文件</Filter>
    </ClCompile>
    <ClCompile Include="..\Src\VulkanFunctions.cpp">
      <Filter>源文件</Filter>
    </ClCompile>
    <ClCompile Include="..\Src\VulkanDevice.cpp">
      <Filter>源文件</Filter>
    </ClCompile>
    <ClCompile Include="..\Src\VulkanPhysicalDevice.cpp">
      <Filter>源文件</Filter>
    </ClCompile>
    <ClCompile Include="..\Src\VulkanSurface.cpp">
      <Filter>源文件</Filter>
    </ClCompile>
    <ClCompile Include="..\Src\VulkanSwapChain.cpp">
      <Filter>源文件</Filter>
    </ClCompile>
    <ClCompile Include="..\Src\VulkanCommandPool.cpp">
      <Filter>源文件</Filter>
    </ClCompile>
    <ClCompile Include="..\Src\VulkanCommandBuffer.cpp">
      <Filter>源文件</Filter>
    </ClCompile>
    <ClCompile Include="..\Src\VulkanSemaphore.cpp">
      <Filter>源文件</Filter>
    </ClCompile>
    <ClCompile Include="..\Src\VulkanFence.cpp">
      <Filter>源文件</Filter>
    </ClCompile>
    <ClCompile Include="..\Src\VulkanQueue.cpp">
      <Filter>源文件</Filter>
    </ClCompile>
    <ClCompile Include="..\Src\VulkanBuffer.cpp">
      <Filter>源文件</Filter>
    </ClCompile>
    <ClCompile Include="..\Src\VulkanDeviceMemory.cpp">
      <Filter>源文件</Filter>
    </ClCompile>
    <ClCompile Include="..\Src\VulkanImage.cpp">
      <Filter>源文件</Filter>
    </ClCompile>
    <ClCompile Include="..\Src\VulkanSampler.cpp">
      <Filter>源文件</Filter>
    </ClCompile>
    <ClCompile Include="..\Src\VulkanDescriptorSetLayout.cpp">
      <Filter>源文件</Filter>
    </ClCompile>
    <ClCompile Include="..\Src\VulkanDescriptorPool.cpp">
      <Filter>源文件</Filter>
    </ClCompile>
    <ClCompile Include="..\Src\VulkanRenderPass.cpp">
      <Filter>源文件</Filter>
    </ClCompile>
    <ClCompile Include="..\Src\VulkanFrameBuffer.cpp">
      <Filter>源文件</Filter>
    </ClCompile>
  </ItemGroup>
  <ItemGroup>
    <ClInclude Include="..\Src\Utils.h">
      <Filter>头文件</Filter>
    </ClInclude>
    <ClInclude Include="..\Src\Define.h">
      <Filter>头文件</Filter>
    </ClInclude>
    <ClInclude Include="..\Src\Application.h">
      <Filter>头文件</Filter>
    </ClInclude>
    <ClInclude Include="..\Src\Canvas.h">
      <Filter>头文件</Filter>
    </ClInclude>
    <ClInclude Include="..\Src\Renderer.h">
      <Filter>头文件</Filter>
    </ClInclude>
    <ClInclude Include="..\Src\VkRenderer.h">
      <Filter>头文件</Filter>
    </ClInclude>
    <ClInclude Include="..\Src\VulkanInstance.h">
      <Filter>头文件</Filter>
    </ClInclude>
    <ClInclude Include="..\Src\VulkanExtensions.h">
      <Filter>头文件</Filter>
    </ClInclude>
    <ClInclude Include="..\Src\Logger.h">
      <Filter>头文件</Filter>
    </ClInclude>
    <ClInclude Include="..\Src\VulkanFunctions.h">
      <Filter>头文件</Filter>
    </ClInclude>
    <ClInclude Include="..\Src\Singleton.hpp">
      <Filter>头文件</Filter>
    </ClInclude>
    <ClInclude Include="..\Src\VulkanDevice.h">
      <Filter>头文件</Filter>
    </ClInclude>
    <ClInclude Include="..\Src\VulkanPhysicalDevice.h">
      <Filter>头文件</Filter>
    </ClInclude>
    <ClInclude Include="..\Src\VulkanSurface.h">
      <Filter>头文件</Filter>
    </ClInclude>
    <ClInclude Include="..\Src\WindowParameters.h">
      <Filter>头文件</Filter>
    </ClInclude>
    <ClInclude Include="..\Src\VulkanSwapChain.h">
      <Filter>头文件</Filter>
    </ClInclude>
    <ClInclude Include="..\Src\VulkanCommandPool.h">
      <Filter>头文件</Filter>
    </ClInclude>
    <ClInclude Include="..\Src\VulkanCommandBuffer.h">
      <Filter>头文件</Filter>
    </ClInclude>
    <ClInclude Include="..\Src\VulkanSemaphore.h">
      <Filter>头文件</Filter>
    </ClInclude>
    <ClInclude Include="..\Src\VulkanFence.h">
      <Filter>头文件</Filter>
    </ClInclude>
    <ClInclude Include="..\Src\VulkanQueue.h">
      <Filter>头文件</Filter>
    </ClInclude>
    <ClInclude Include="..\Src\VulkanBuffer.h">
      <Filter>头文件</Filter>
    </ClInclude>
    <ClInclude Include="..\Src\VulkanDeviceMemory.h">
      <Filter>头文件</Filter>
    </ClInclude>
    <ClInclude Include="..\Src\VulkanImage.h">
      <Filter>头文件</Filter>
    </ClInclude>
    <ClInclude Include="..\Src\VulkanSampler.h">
      <Filter>头文件</Filter>
    </ClInclude>
    <ClInclude Include="..\Src\VulkanDescriptorSetLayout.h">
      <Filter>头文件</Filter>
    </ClInclude>
    <ClInclude Include="..\Src\VulkanDescriptorPool.h">
      <Filter>头文件</Filter>
    </ClInclude>
    <ClInclude Include="..\Src\VulkanRenderPass.h">
      <Filter>头文件</Filter>
    </ClInclude>
    <ClInclude Include="..\Src\VulkanFrameBuffer.h">
      <Filter>头文件</Filter>
    </ClInclude>
  </ItemGroup>
  <ItemGroup>
    <None Include="..\Src\listofvulkanfunctions.inl">
      <Filter>源文件</Filter>
    </None>
  </ItemGroup>
</Project>